# This file is autogenerated, do not edit; changes may be undone by the next 'dep ensure'.


[[projects]]
  branch = "master"
  name = "github.com/benbjohnson/phantomjs"
  packages = ["."]
  revision = "1b81734f7877b51cadd82ee32663ae88f630469c"

[[projects]]
  name = "github.com/inconshreveable/mousetrap"
  packages = ["."]
  revision = "76626ae9c91c4f2a10f34cad8ce83ea42c93bb75"
  version = "v1.0"

[[projects]]
  branch = "master"
  name = "github.com/spf13/cobra"
  packages = ["."]
  revision = "a1e4933ab784095895e33dbe9f001ba10cfe2060"

[[projects]]
  branch = "master"
  name = "github.com/spf13/pflag"
  packages = ["."]
  revision = "ee5fd03fd6acfd43e44aea0b4135958546ed8e73"

[solve-meta]
  analyzer-name = "dep"
  analyzer-version = 1
  inputs-digest = "4c63f9f06b203f62dbbb65f506800ec491ab6ed7ae46a9f4927446932ca713f4"
  solver-name = "gps-cdcl"
  solver-version = 1
